
Microsoft Visual Studio Solution File, Format Version 12.00
# Visual Studio Version 17
VisualStudioVersion = 17.5.002.0
MinimumVisualStudioVersion = 10.0.40219.1
Project("{9A19103F-16F7-4668-BE54-9A1E7A4F7556}") = "MVConsultoria.Web", "MVConsultoria.Web\MVConsultoria.Web.csproj", "{C0E0F346-8A3D-4BBB-A0A1-16D55BEE9BAD}"
EndProject
Global
	GlobalSection(SolutionConfigurationPlatforms) = preSolution
		Debug|Any CPU = Debug|Any CPU
		Release|Any CPU = Release|Any CPU
	EndGlobalSection
	GlobalSection(ProjectConfigurationPlatforms) = postSolution
		{C0E0F346-8A3D-4BBB-A0A1-16D55BEE9BAD}.Debug|Any CPU.ActiveCfg = Debug|Any CPU
		{C0E0F346-8A3D-4BBB-A0A1-16D55BEE9BAD}.Debug|Any CPU.Build.0 = Debug|Any CPU
		{C0E0F346-8A3D-4BBB-A0A1-16D55BEE9BAD}.Release|Any CPU.ActiveCfg = Release|Any CPU
		{C0E0F346-8A3D-4BBB-A0A1-16D55BEE9BAD}.Release|Any CPU.Build.0 = Release|Any CPU
	EndGlobalSection
	GlobalSection(SolutionProperties) = preSolution
		HideSolutionNode = FALSE
	EndGlobalSection
	GlobalSection(ExtensibilityGlobals) = postSolution
		SolutionGuid = {A7FAB237-5C5C-4BA9-8D72-6F12A82A8D0D}
	EndGlobalSection
EndGlobal
